
Microsoft Visual Studio Solution File, Format Version 12.00
# Visual Studio Express 15 for Windows Desktop
VisualStudioVersion = 15.0.27130.2003
MinimumVisualStudioVersion = 10.0.40219.1
Project("{FAE04EC0-301F-11D3-BF4B-00C04F79EFBC}") = "MovingCar", "MovingCar\MovingCar.csproj", "{6AF8ADB7-3560-461C-90C6-2671A24E0C0E}"
EndProject
Global
	GlobalSection(SolutionConfigurationPlatforms) = preSolution
		Debug|Any CPU = Debug|Any CPU
		Release|Any CPU = Release|Any CPU
	EndGlobalSection
	GlobalSection(ProjectConfigurationPlatforms) = postSolution
		{6AF8ADB7-3560-461C-90C6-2671A24E0C0E}.Debug|Any CPU.ActiveCfg = Debug|Any CPU
		{6AF8ADB7-3560-461C-90C6-2671A24E0C0E}.Debug|Any CPU.Build.0 = Debug|Any CPU
		{6AF8ADB7-3560-461C-90C6-2671A24E0C0E}.Release|Any CPU.ActiveCfg = Release|Any CPU
		{6AF8ADB7-3560-461C-90C6-2671A24E0C0E}.Release|Any CPU.Build.0 = Release|Any CPU
	EndGlobalSection
	GlobalSection(SolutionProperties) = preSolution
		HideSolutionNode = FALSE
	EndGlobalSection
	GlobalSection(ExtensibilityGlobals) = postSolution
		SolutionGuid = {DC17CFB1-A45F-4E8F-8FCA-47B3D520EF16}
	EndGlobalSection
EndGlobal
