
Microsoft Visual Studio Solution File, Format Version 12.00
# Visual Studio 15
VisualStudioVersion = 15.0.27130.2010
MinimumVisualStudioVersion = 10.0.40219.1
Project("{FAE04EC0-301F-11D3-BF4B-00C04F79EFBC}") = "Class", "Class\Class.csproj", "{3319118D-8F8B-4DF7-B315-647F985F1BAD}"
EndProject
Global
	GlobalSection(SolutionConfigurationPlatforms) = preSolution
		Debug|Any CPU = Debug|Any CPU
		Release|Any CPU = Release|Any CPU
	EndGlobalSection
	GlobalSection(ProjectConfigurationPlatforms) = postSolution
		{3319118D-8F8B-4DF7-B315-647F985F1BAD}.Debug|Any CPU.ActiveCfg = Debug|Any CPU
		{3319118D-8F8B-4DF7-B315-647F985F1BAD}.Debug|Any CPU.Build.0 = Debug|Any CPU
		{3319118D-8F8B-4DF7-B315-647F985F1BAD}.Release|Any CPU.ActiveCfg = Release|Any CPU
		{3319118D-8F8B-4DF7-B315-647F985F1BAD}.Release|Any CPU.Build.0 = Release|Any CPU
	EndGlobalSection
	GlobalSection(SolutionProperties) = preSolution
		HideSolutionNode = FALSE
	EndGlobalSection
	GlobalSection(ExtensibilityGlobals) = postSolution
		SolutionGuid = {D55EF5EF-5FAE-4A07-94D4-130F713C3D99}
	EndGlobalSection
EndGlobal
